// !$*UTF8*$!
{
	archiveVersion = 1;
	classes = {
	};
	objectVersion = 56;
	objects = {

/* Begin PBXBuildFile section */
		02BFBFA22B471C22009E5E5B /* AppDelegate.swift in Sources */ = {isa = PBXBuildFile; fileRef = 02BFBFA12B471C22009E5E5B /* AppDelegate.swift */; };
		02BFBFA42B471C22009E5E5B /* SceneDelegate.swift in Sources */ = {isa = PBXBuildFile; fileRef = 02BFBFA32B471C22009E5E5B /* SceneDelegate.swift */; };
		02BFBFA62B471C22009E5E5B /* ViewController.swift in Sources */ = {isa = PBXBuildFile; fileRef = 02BFBFA52B471C22009E5E5B /* ViewController.swift */; };
		02BFBFA92B471C22009E5E5B /* Main.storyboard in Resources */ = {isa = PBXBuildFile; fileRef = 02BFBFA72B471C22009E5E5B /* Main.storyboard */; };
		02BFBFAB2B471C23009E5E5B /* Assets.xcassets in Resources */ = {isa = PBXBuildFile; fileRef = 02BFBFAA2B471C23009E5E5B /* Assets.xcassets */; };
		02BFBFAE2B471C23009E5E5B /* LaunchScreen.storyboard in Resources */ = {isa = PBXBuildFile; fileRef = 02BFBFAC2B471C23009E5E5B /* LaunchScreen.storyboard */; };
		02BFBFBF2B472F43009E5E5B /* MainViewModal.swift in Sources */ = {isa = PBXBuildFile; fileRef = 02BFBFBE2B472F43009E5E5B /* MainViewModal.swift */; };
		02BFBFC12B472F57009E5E5B /* AddViewModal.swift in Sources */ = {isa = PBXBuildFile; fileRef = 02BFBFC02B472F57009E5E5B /* AddViewModal.swift */; };
		02BFBFC32B472F6A009E5E5B /* DetailViewModal.swift in Sources */ = {isa = PBXBuildFile; fileRef = 02BFBFC22B472F6A009E5E5B /* DetailViewModal.swift */; };
		02BFBFCA2B472FC1009E5E5B /* TaskDaoRepository.swift in Sources */ = {isa = PBXBuildFile; fileRef = 02BFBFC92B472FC1009E5E5B /* TaskDaoRepository.swift */; };
		02BFBFCC2B473039009E5E5B /* AddViewController.swift in Sources */ = {isa = PBXBuildFile; fileRef = 02BFBFCB2B473039009E5E5B /* AddViewController.swift */; };
		02BFBFCE2B473047009E5E5B /* DetailViewController.swift in Sources */ = {isa = PBXBuildFile; fileRef = 02BFBFCD2B473047009E5E5B /* DetailViewController.swift */; };
		02BFBFD02B47308C009E5E5B /* Task.swift in Sources */ = {isa = PBXBuildFile; fileRef = 02BFBFCF2B47308C009E5E5B /* Task.swift */; };
		02BFBFD22B47349F009E5E5B /* TaskCell.swift in Sources */ = {isa = PBXBuildFile; fileRef = 02BFBFD12B47349F009E5E5B /* TaskCell.swift */; };
		02BFBFD52B473515009E5E5B /* RxBlocking in Frameworks */ = {isa = PBXBuildFile; productRef = 02BFBFD42B473515009E5E5B /* RxBlocking */; };
		02BFBFD72B473515009E5E5B /* RxBlocking-Dynamic in Frameworks */ = {isa = PBXBuildFile; productRef = 02BFBFD62B473515009E5E5B /* RxBlocking-Dynamic */; };
		02BFBFD92B473515009E5E5B /* RxCocoa in Frameworks */ = {isa = PBXBuildFile; productRef = 02BFBFD82B473515009E5E5B /* RxCocoa */; };
		02BFBFDB2B473515009E5E5B /* RxCocoa-Dynamic in Frameworks */ = {isa = PBXBuildFile; productRef = 02BFBFDA2B473515009E5E5B /* RxCocoa-Dynamic */; };
		02BFBFDD2B473515009E5E5B /* RxRelay in Frameworks */ = {isa = PBXBuildFile; productRef = 02BFBFDC2B473515009E5E5B /* RxRelay */; };
		02BFBFEA2B47353B009E5E5B /* FMDatabasePool.m in Sources */ = {isa = PBXBuildFile; fileRef = 02BFBFDF2B47353A009E5E5B /* FMDatabasePool.m */; };
		02BFBFEB2B47353B009E5E5B /* FMDatabaseQueue.m in Sources */ = {isa = PBXBuildFile; fileRef = 02BFBFE42B47353B009E5E5B /* FMDatabaseQueue.m */; };
		02BFBFEC2B47353B009E5E5B /* FMDatabase.m in Sources */ = {isa = PBXBuildFile; fileRef = 02BFBFE62B47353B009E5E5B /* FMDatabase.m */; };
		02BFBFED2B47353B009E5E5B /* FMDatabaseAdditions.m in Sources */ = {isa = PBXBuildFile; fileRef = 02BFBFE72B47353B009E5E5B /* FMDatabaseAdditions.m */; };
		02BFBFEE2B47353B009E5E5B /* FMResultSet.m in Sources */ = {isa = PBXBuildFile; fileRef = 02BFBFE92B47353B009E5E5B /* FMResultSet.m */; };
		02BFBFF22B47367E009E5E5B /* task.sqlite in Resources */ = {isa = PBXBuildFile; fileRef = 02BFBFF12B47367E009E5E5B /* task.sqlite */; };
/* End PBXBuildFile section */

/* Begin PBXFileReference section */
		02BFBF9E2B471C22009E5E5B /* ToDo.app */ = {isa = PBXFileReference; explicitFileType = wrapper.application; includeInIndex = 0; path = ToDo.app; sourceTree = BUILT_PRODUCTS_DIR; };
		02BFBFA12B471C22009E5E5B /* AppDelegate.swift */ = {isa = PBXFileReference; lastKnownFileType = sourcecode.swift; path = AppDelegate.swift; sourceTree = "<group>"; };
		02BFBFA32B471C22009E5E5B /* SceneDelegate.swift */ = {isa = PBXFileReference; lastKnownFileType = sourcecode.swift; path = SceneDelegate.swift; sourceTree = "<group>"; };
		02BFBFA52B471C22009E5E5B /* ViewController.swift */ = {isa = PBXFileReference; lastKnownFileType = sourcecode.swift; path = ViewController.swift; sourceTree = "<group>"; };
		02BFBFA82B471C22009E5E5B /* Base */ = {isa = PBXFileReference; lastKnownFileType = file.storyboard; name = Base; path = Base.lproj/Main.storyboard; sourceTree = "<group>"; };
		02BFBFAA2B471C23009E5E5B /* Assets.xcassets */ = {isa = PBXFileReference; lastKnownFileType = folder.assetcatalog; path = Assets.xcassets; sourceTree = "<group>"; };
		02BFBFAD2B471C23009E5E5B /* Base */ = {isa = PBXFileReference; lastKnownFileType = file.storyboard; name = Base; path = Base.lproj/LaunchScreen.storyboard; sourceTree = "<group>"; };
		02BFBFAF2B471C23009E5E5B /* Info.plist */ = {isa = PBXFileReference; lastKnownFileType = text.plist.xml; path = Info.plist; sourceTree = "<group>"; };
		02BFBFBE2B472F43009E5E5B /* MainViewModal.swift */ = {isa = PBXFileReference; lastKnownFileType = sourcecode.swift; path = MainViewModal.swift; sourceTree = "<group>"; };
		02BFBFC02B472F57009E5E5B /* AddViewModal.swift */ = {isa = PBXFileReference; lastKnownFileType = sourcecode.swift; path = AddViewModal.swift; sourceTree = "<group>"; };
		02BFBFC22B472F6A009E5E5B /* DetailViewModal.swift */ = {isa = PBXFileReference; lastKnownFileType = sourcecode.swift; path = DetailViewModal.swift; sourceTree = "<group>"; };
		02BFBFC92B472FC1009E5E5B /* TaskDaoRepository.swift */ = {isa = PBXFileReference; lastKnownFileType = sourcecode.swift; path = TaskDaoRepository.swift; sourceTree = "<group>"; };
		02BFBFCB2B473039009E5E5B /* AddViewController.swift */ = {isa = PBXFileReference; lastKnownFileType = sourcecode.swift; path = AddViewController.swift; sourceTree = "<group>"; };
		02BFBFCD2B473047009E5E5B /* DetailViewController.swift */ = {isa = PBXFileReference; lastKnownFileType = sourcecode.swift; path = DetailViewController.swift; sourceTree = "<group>"; };
		02BFBFCF2B47308C009E5E5B /* Task.swift */ = {isa = PBXFileReference; lastKnownFileType = sourcecode.swift; path = Task.swift; sourceTree = "<group>"; };
		02BFBFD12B47349F009E5E5B /* TaskCell.swift */ = {isa = PBXFileReference; lastKnownFileType = sourcecode.swift; path = TaskCell.swift; sourceTree = "<group>"; };
		02BFBFDE2B47353A009E5E5B /* ToDo-Bridging-Header.h */ = {isa = PBXFileReference; lastKnownFileType = sourcecode.c.h; path = "ToDo-Bridging-Header.h"; sourceTree = "<group>"; };
		02BFBFDF2B47353A009E5E5B /* FMDatabasePool.m */ = {isa = PBXFileReference; fileEncoding = 4; lastKnownFileType = sourcecode.c.objc; path = FMDatabasePool.m; sourceTree = "<group>"; };
		02BFBFE02B47353B009E5E5B /* FMDatabaseQueue.h */ = {isa = PBXFileReference; fileEncoding = 4; lastKnownFileType = sourcecode.c.h; path = FMDatabaseQueue.h; sourceTree = "<group>"; };
		02BFBFE12B47353B009E5E5B /* FMResultSet.h */ = {isa = PBXFileReference; fileEncoding = 4; lastKnownFileType = sourcecode.c.h; path = FMResultSet.h; sourceTree = "<group>"; };
		02BFBFE22B47353B009E5E5B /* FMDatabasePool.h */ = {isa = PBXFileReference; fileEncoding = 4; lastKnownFileType = sourcecode.c.h; path = FMDatabasePool.h; sourceTree = "<group>"; };
		02BFBFE32B47353B009E5E5B /* FMDatabaseAdditions.h */ = {isa = PBXFileReference; fileEncoding = 4; lastKnownFileType = sourcecode.c.h; path = FMDatabaseAdditions.h; sourceTree = "<group>"; };
		02BFBFE42B47353B009E5E5B /* FMDatabaseQueue.m */ = {isa = PBXFileReference; fileEncoding = 4; lastKnownFileType = sourcecode.c.objc; path = FMDatabaseQueue.m; sourceTree = "<group>"; };
		02BFBFE52B47353B009E5E5B /* FMDatabase.h */ = {isa = PBXFileReference; fileEncoding = 4; lastKnownFileType = sourcecode.c.h; path = FMDatabase.h; sourceTree = "<group>"; };
		02BFBFE62B47353B009E5E5B /* FMDatabase.m */ = {isa = PBXFileReference; fileEncoding = 4; lastKnownFileType = sourcecode.c.objc; path = FMDatabase.m; sourceTree = "<group>"; };
		02BFBFE72B47353B009E5E5B /* FMDatabaseAdditions.m */ = {isa = PBXFileReference; fileEncoding = 4; lastKnownFileType = sourcecode.c.objc; path = FMDatabaseAdditions.m; sourceTree = "<group>"; };
		02BFBFE82B47353B009E5E5B /* FMDB.h */ = {isa = PBXFileReference; fileEncoding = 4; lastKnownFileType = sourcecode.c.h; path = FMDB.h; sourceTree = "<group>"; };
		02BFBFE92B47353B009E5E5B /* FMResultSet.m */ = {isa = PBXFileReference; fileEncoding = 4; lastKnownFileType = sourcecode.c.objc; path = FMResultSet.m; sourceTree = "<group>"; };
		02BFBFF02B473664009E5E5B /* libsqlite3.tbd */ = {isa = PBXFileReference; lastKnownFileType = "sourcecode.text-based-dylib-definition"; name = libsqlite3.tbd; path = usr/lib/libsqlite3.tbd; sourceTree = SDKROOT; };
		02BFBFF12B47367E009E5E5B /* task.sqlite */ = {isa = PBXFileReference; lastKnownFileType = file; path = task.sqlite; sourceTree = "<group>"; };
/* End PBXFileReference section */

/* Begin PBXFrameworksBuildPhase section */
		02BFBF9B2B471C22009E5E5B /* Frameworks */ = {
			isa = PBXFrameworksBuildPhase;
			buildActionMask = 2147483647;
			files = (
				02BFBFDD2B473515009E5E5B /* RxRelay in Frameworks */,
				02BFBFDB2B473515009E5E5B /* RxCocoa-Dynamic in Frameworks */,
				02BFBFD92B473515009E5E5B /* RxCocoa in Frameworks */,
				02BFBFD52B473515009E5E5B /* RxBlocking in Frameworks */,
				02BFBFD72B473515009E5E5B /* RxBlocking-Dynamic in Frameworks */,
			);
			runOnlyForDeploymentPostprocessing = 0;
		};
/* End PBXFrameworksBuildPhase section */

/* Begin PBXGroup section */
		02BFBF952B471C22009E5E5B = {
			isa = PBXGroup;
			children = (
				02BFBFA02B471C22009E5E5B /* ToDo */,
				02BFBF9F2B471C22009E5E5B /* Products */,
				02BFBFEF2B473664009E5E5B /* Frameworks */,
			);
			sourceTree = "<group>";
		};
		02BFBF9F2B471C22009E5E5B /* Products */ = {
			isa = PBXGroup;
			children = (
				02BFBF9E2B471C22009E5E5B /* ToDo.app */,
			);
			name = Products;
			sourceTree = "<group>";
		};
		02BFBFA02B471C22009E5E5B /* ToDo */ = {
			isa = PBXGroup;
			children = (
				02BFBFA12B471C22009E5E5B /* AppDelegate.swift */,
				02BFBFA32B471C22009E5E5B /* SceneDelegate.swift */,
				02BFBFBA2B472EF4009E5E5B /* TableView */,
				02BFBFB92B472EE4009E5E5B /* View */,
				02BFBFBD2B472F29009E5E5B /* ViewModal */,
				02BFBFC42B472F71009E5E5B /* Data */,
				02BFBFC82B472F96009E5E5B /* Repo */,
				02BFBFA72B471C22009E5E5B /* Main.storyboard */,
				02BFBFAA2B471C23009E5E5B /* Assets.xcassets */,
				02BFBFAC2B471C23009E5E5B /* LaunchScreen.storyboard */,
				02BFBFAF2B471C23009E5E5B /* Info.plist */,
				02BFBFF12B47367E009E5E5B /* task.sqlite */,
				02BFBFE52B47353B009E5E5B /* FMDatabase.h */,
				02BFBFE62B47353B009E5E5B /* FMDatabase.m */,
				02BFBFE32B47353B009E5E5B /* FMDatabaseAdditions.h */,
				02BFBFE72B47353B009E5E5B /* FMDatabaseAdditions.m */,
				02BFBFE22B47353B009E5E5B /* FMDatabasePool.h */,
				02BFBFDF2B47353A009E5E5B /* FMDatabasePool.m */,
				02BFBFE02B47353B009E5E5B /* FMDatabaseQueue.h */,
				02BFBFE42B47353B009E5E5B /* FMDatabaseQueue.m */,
				02BFBFE82B47353B009E5E5B /* FMDB.h */,
				02BFBFE12B47353B009E5E5B /* FMResultSet.h */,
				02BFBFE92B47353B009E5E5B /* FMResultSet.m */,
				02BFBFDE2B47353A009E5E5B /* ToDo-Bridging-Header.h */,
			);
			path = ToDo;
			sourceTree = "<group>";
		};
		02BFBFB92B472EE4009E5E5B /* View */ = {
			isa = PBXGroup;
			children = (
				02BFBFA52B471C22009E5E5B /* ViewController.swift */,
				02BFBFCB2B473039009E5E5B /* AddViewController.swift */,
				02BFBFCD2B473047009E5E5B /* DetailViewController.swift */,
			);
			path = View;
			sourceTree = "<group>";
		};
		02BFBFBA2B472EF4009E5E5B /* TableView */ = {
			isa = PBXGroup;
			children = (
				02BFBFD12B47349F009E5E5B /* TaskCell.swift */,
			);
			path = TableView;
			sourceTree = "<group>";
		};
		02BFBFBD2B472F29009E5E5B /* ViewModal */ = {
			isa = PBXGroup;
			children = (
				02BFBFBE2B472F43009E5E5B /* MainViewModal.swift */,
				02BFBFC02B472F57009E5E5B /* AddViewModal.swift */,
				02BFBFC22B472F6A009E5E5B /* DetailViewModal.swift */,
			);
			path = ViewModal;
			sourceTree = "<group>";
		};
		02BFBFC42B472F71009E5E5B /* Data */ = {
			isa = PBXGroup;
			children = (
				02BFBFC52B472F82009E5E5B /* Entity */,
			);
			path = Data;
			sourceTree = "<group>";
		};
		02BFBFC52B472F82009E5E5B /* Entity */ = {
			isa = PBXGroup;
			children = (
				02BFBFCF2B47308C009E5E5B /* Task.swift */,
			);
			path = Entity;
			sourceTree = "<group>";
		};
		02BFBFC82B472F96009E5E5B /* Repo */ = {
			isa = PBXGroup;
			children = (
				02BFBFC92B472FC1009E5E5B /* TaskDaoRepository.swift */,
			);
			path = Repo;
			sourceTree = "<group>";
		};
		02BFBFEF2B473664009E5E5B /* Frameworks */ = {
			isa = PBXGroup;
			children = (
				02BFBFF02B473664009E5E5B /* libsqlite3.tbd */,
			);
			name = Frameworks;
			sourceTree = "<group>";
		};
/* End PBXGroup section */

/* Begin PBXNativeTarget section */
		02BFBF9D2B471C22009E5E5B /* ToDo */ = {
			isa = PBXNativeTarget;
			buildConfigurationList = 02BFBFB22B471C23009E5E5B /* Build configuration list for PBXNativeTarget "ToDo" */;
			buildPhases = (
				02BFBF9A2B471C22009E5E5B /* Sources */,
				02BFBF9B2B471C22009E5E5B /* Frameworks */,
				02BFBF9C2B471C22009E5E5B /* Resources */,
			);
			buildRules = (
			);
			dependencies = (
			);
			name = ToDo;
			packageProductDependencies = (
				02BFBFD42B473515009E5E5B /* RxBlocking */,
				02BFBFD62B473515009E5E5B /* RxBlocking-Dynamic */,
				02BFBFD82B473515009E5E5B /* RxCocoa */,
				02BFBFDA2B473515009E5E5B /* RxCocoa-Dynamic */,
				02BFBFDC2B473515009E5E5B /* RxRelay */,
			);
			productName = ToDo;
			productReference = 02BFBF9E2B471C22009E5E5B /* ToDo.app */;
			productType = "com.apple.product-type.application";
		};
/* End PBXNativeTarget section */

/* Begin PBXProject section */
		02BFBF962B471C22009E5E5B /* Project object */ = {
			isa = PBXProject;
			attributes = {
				BuildIndependentTargetsInParallel = 1;
				LastSwiftUpdateCheck = 1500;
				LastUpgradeCheck = 1500;
				TargetAttributes = {
					02BFBF9D2B471C22009E5E5B = {
						CreatedOnToolsVersion = 15.0.1;
						LastSwiftMigration = 1500;
					};
				};
			};
			buildConfigurationList = 02BFBF992B471C22009E5E5B /* Build configuration list for PBXProject "ToDo" */;
			compatibilityVersion = "Xcode 14.0";
			developmentRegion = en;
			hasScannedForEncodings = 0;
			knownRegions = (
				en,
				Base,
			);
			mainGroup = 02BFBF952B471C22009E5E5B;
			packageReferences = (
				02BFBFD32B473515009E5E5B /* XCRemoteSwiftPackageReference "RxSwift" */,
			);
			productRefGroup = 02BFBF9F2B471C22009E5E5B /* Products */;
			projectDirPath = "";
			projectRoot = "";
			targets = (
				02BFBF9D2B471C22009E5E5B /* ToDo */,
			);
		};
/* End PBXProject section */

/* Begin PBXResourcesBuildPhase section */
		02BFBF9C2B471C22009E5E5B /* Resources */ = {
			isa = PBXResourcesBuildPhase;
			buildActionMask = 2147483647;
			files = (
				02BFBFAE2B471C23009E5E5B /* LaunchScreen.storyboard in Resources */,
				02BFBFAB2B471C23009E5E5B /* Assets.xcassets in Resources */,
				02BFBFF22B47367E009E5E5B /* task.sqlite in Resources */,
				02BFBFA92B471C22009E5E5B /* Main.storyboard in Resources */,
			);
			runOnlyForDeploymentPostprocessing = 0;
		};
/* End PBXResourcesBuildPhase section */

/* Begin PBXSourcesBuildPhase section */
		02BFBF9A2B471C22009E5E5B /* Sources */ = {
			isa = PBXSourcesBuildPhase;
			buildActionMask = 2147483647;
			files = (
				02BFBFCE2B473047009E5E5B /* DetailViewController.swift in Sources */,
				02BFBFEA2B47353B009E5E5B /* FMDatabasePool.m in Sources */,
				02BFBFA62B471C22009E5E5B /* ViewController.swift in Sources */,
				02BFBFEC2B47353B009E5E5B /* FMDatabase.m in Sources */,
				02BFBFA22B471C22009E5E5B /* AppDelegate.swift in Sources */,
				02BFBFEB2B47353B009E5E5B /* FMDatabaseQueue.m in Sources */,
				02BFBFEE2B47353B009E5E5B /* FMResultSet.m in Sources */,
				02BFBFCC2B473039009E5E5B /* AddViewController.swift in Sources */,
				02BFBFD02B47308C009E5E5B /* Task.swift in Sources */,
				02BFBFBF2B472F43009E5E5B /* MainViewModal.swift in Sources */,
				02BFBFC32B472F6A009E5E5B /* DetailViewModal.swift in Sources */,
				02BFBFD22B47349F009E5E5B /* TaskCell.swift in Sources */,
				02BFBFC12B472F57009E5E5B /* AddViewModal.swift in Sources */,
				02BFBFA42B471C22009E5E5B /* SceneDelegate.swift in Sources */,
				02BFBFCA2B472FC1009E5E5B /* TaskDaoRepository.swift in Sources */,
				02BFBFED2B47353B009E5E5B /* FMDatabaseAdditions.m in Sources */,
			);
			runOnlyForDeploymentPostprocessing = 0;
		};
/* End PBXSourcesBuildPhase section */

/* Begin PBXVariantGroup section */
		02BFBFA72B471C22009E5E5B /* Main.storyboard */ = {
			isa = PBXVariantGroup;
			children = (
				02BFBFA82B471C22009E5E5B /* Base */,
			);
			name = Main.storyboard;
			sourceTree = "<group>";
		};
		02BFBFAC2B471C23009E5E5B /* LaunchScreen.storyboard */ = {
			isa = PBXVariantGroup;
			children = (
				02BFBFAD2B471C23009E5E5B /* Base */,
			);
			name = LaunchScreen.storyboard;
			sourceTree = "<group>";
		};
/* End PBXVariantGroup section */

/* Begin XCBuildConfiguration section */
		02BFBFB02B471C23009E5E5B /* Debug */ = {
			isa = XCBuildConfiguration;
			buildSettings = {
				ALWAYS_SEARCH_USER_PATHS = NO;
				ASSETCATALOG_COMPILER_GENERATE_SWIFT_ASSET_SYMBOL_EXTENSIONS = YES;
				CLANG_ANALYZER_NONNULL = YES;
				CLANG_ANALYZER_NUMBER_OBJECT_CONVERSION = YES_AGGRESSIVE;
				CLANG_CXX_LANGUAGE_STANDARD = "gnu++20";
				CLANG_ENABLE_MODULES = YES;
				CLANG_ENABLE_OBJC_ARC = YES;
				CLANG_ENABLE_OBJC_WEAK = YES;
				CLANG_WARN_BLOCK_CAPTURE_AUTORELEASING = YES;
				CLANG_WARN_BOOL_CONVERSION = YES;
				CLANG_WARN_COMMA = YES;
				CLANG_WARN_CONSTANT_CONVERSION = YES;
				CLANG_WARN_DEPRECATED_OBJC_IMPLEMENTATIONS = YES;
				CLANG_WARN_DIRECT_OBJC_ISA_USAGE = YES_ERROR;
				CLANG_WARN_DOCUMENTATION_COMMENTS = YES;
				CLANG_WARN_EMPTY_BODY = YES;
				CLANG_WARN_ENUM_CONVERSION = YES;
				CLANG_WARN_INFINITE_RECURSION = YES;
				CLANG_WARN_INT_CONVERSION = YES;
				CLANG_WARN_NON_LITERAL_NULL_CONVERSION = YES;
				CLANG_WARN_OBJC_IMPLICIT_RETAIN_SELF = YES;
				CLANG_WARN_OBJC_LITERAL_CONVERSION = YES;
				CLANG_WARN_OBJC_ROOT_CLASS = YES_ERROR;
				CLANG_WARN_QUOTED_INCLUDE_IN_FRAMEWORK_HEADER = YES;
				CLANG_WARN_RANGE_LOOP_ANALYSIS = YES;
				CLANG_WARN_STRICT_PROTOTYPES = YES;
				CLANG_WARN_SUSPICIOUS_MOVE = YES;
				CLANG_WARN_UNGUARDED_AVAILABILITY = YES_AGGRESSIVE;
				CLANG_WARN_UNREACHABLE_CODE = YES;
				CLANG_WARN__DUPLICATE_METHOD_MATCH = YES;
				COPY_PHASE_STRIP = NO;
				DEBUG_INFORMATION_FORMAT = dwarf;
				ENABLE_STRICT_OBJC_MSGSEND = YES;
				ENABLE_TESTABILITY = YES;
				ENABLE_USER_SCRIPT_SANDBOXING = YES;
				GCC_C_LANGUAGE_STANDARD = gnu17;
				GCC_DYNAMIC_NO_PIC = NO;
				GCC_NO_COMMON_BLOCKS = YES;
				GCC_OPTIMIZATION_LEVEL = 0;
				GCC_PREPROCESSOR_DEFINITIONS = (
					"DEBUG=1",
					"$(inherited)",
				);
				GCC_WARN_64_TO_32_BIT_CONVERSION = YES;
				GCC_WARN_ABOUT_RETURN_TYPE = YES_ERROR;
				GCC_WARN_UNDECLARED_SELECTOR = YES;
				GCC_WARN_UNINITIALIZED_AUTOS = YES_AGGRESSIVE;
				GCC_WARN_UNUSED_FUNCTION = YES;
				GCC_WARN_UNUSED_VARIABLE = YES;
				IPHONEOS_DEPLOYMENT_TARGET = 17.0;
				LOCALIZATION_PREFERS_STRING_CATALOGS = YES;
				MTL_ENABLE_DEBUG_INFO = INCLUDE_SOURCE;
				MTL_FAST_MATH = YES;
				ONLY_ACTIVE_ARCH = YES;
				SDKROOT = iphoneos;
				SWIFT_ACTIVE_COMPILATION_CONDITIONS = "DEBUG $(inherited)";
				SWIFT_OPTIMIZATION_LEVEL = "-Onone";
			};
			name = Debug;
		};
		02BFBFB12B471C23009E5E5B /* Release */ = {
			isa = XCBuildConfiguration;
			buildSettings = {
				ALWAYS_SEARCH_USER_PATHS = NO;
				ASSETCATALOG_COMPILER_GENERATE_SWIFT_ASSET_SYMBOL_EXTENSIONS = YES;
				CLANG_ANALYZER_NONNULL = YES;
				CLANG_ANALYZER_NUMBER_OBJECT_CONVERSION = YES_AGGRESSIVE;
				CLANG_CXX_LANGUAGE_STANDARD = "gnu++20";
				CLANG_ENABLE_MODULES = YES;
				CLANG_ENABLE_OBJC_ARC = YES;
				CLANG_ENABLE_OBJC_WEAK = YES;
				CLANG_WARN_BLOCK_CAPTURE_AUTORELEASING = YES;
				CLANG_WARN_BOOL_CONVERSION = YES;
				CLANG_WARN_COMMA = YES;
				CLANG_WARN_CONSTANT_CONVERSION = YES;
				CLANG_WARN_DEPRECATED_OBJC_IMPLEMENTATIONS = YES;
				CLANG_WARN_DIRECT_OBJC_ISA_USAGE = YES_ERROR;
				CLANG_WARN_DOCUMENTATION_COMMENTS = YES;
				CLANG_WARN_EMPTY_BODY = YES;
				CLANG_WARN_ENUM_CONVERSION = YES;
				CLANG_WARN_INFINITE_RECURSION = YES;
				CLANG_WARN_INT_CONVERSION = YES;
				CLANG_WARN_NON_LITERAL_NULL_CONVERSION = YES;
				CLANG_WARN_OBJC_IMPLICIT_RETAIN_SELF = YES;
				CLANG_WARN_OBJC_LITERAL_CONVERSION = YES;
				CLANG_WARN_OBJC_ROOT_CLASS = YES_ERROR;
				CLANG_WARN_QUOTED_INCLUDE_IN_FRAMEWORK_HEADER = YES;
				CLANG_WARN_RANGE_LOOP_ANALYSIS = YES;
				CLANG_WARN_STRICT_PROTOTYPES = YES;
				CLANG_WARN_SUSPICIOUS_MOVE = YES;
				CLANG_WARN_UNGUARDED_AVAILABILITY = YES_AGGRESSIVE;
				CLANG_WARN_UNREACHABLE_CODE = YES;
				CLANG_WARN__DUPLICATE_METHOD_MATCH = YES;
				COPY_PHASE_STRIP = NO;
				DEBUG_INFORMATION_FORMAT = "dwarf-with-dsym";
				ENABLE_NS_ASSERTIONS = NO;
				ENABLE_STRICT_OBJC_MSGSEND = YES;
				ENABLE_USER_SCRIPT_SANDBOXING = YES;
				GCC_C_LANGUAGE_STANDARD = gnu17;
				GCC_NO_COMMON_BLOCKS = YES;
				GCC_WARN_64_TO_32_BIT_CONVERSION = YES;
				GCC_WARN_ABOUT_RETURN_TYPE = YES_ERROR;
				GCC_WARN_UNDECLARED_SELECTOR = YES;
				GCC_WARN_UNINITIALIZED_AUTOS = YES_AGGRESSIVE;
				GCC_WARN_UNUSED_FUNCTION = YES;
				GCC_WARN_UNUSED_VARIABLE = YES;
				IPHONEOS_DEPLOYMENT_TARGET = 17.0;
				LOCALIZATION_PREFERS_STRING_CATALOGS = YES;
				MTL_ENABLE_DEBUG_INFO = NO;
				MTL_FAST_MATH = YES;
				SDKROOT = iphoneos;
				SWIFT_COMPILATION_MODE = wholemodule;
				VALIDATE_PRODUCT = YES;
			};
			name = Release;
		};
		02BFBFB32B471C23009E5E5B /* Debug */ = {
			isa = XCBuildConfiguration;
			buildSettings = {
				ASSETCATALOG_COMPILER_APPICON_NAME = AppIcon;
				ASSETCATALOG_COMPILER_GLOBAL_ACCENT_COLOR_NAME = AccentColor;
				CLANG_ENABLE_MODULES = YES;
				CODE_SIGN_STYLE = Automatic;
				CURRENT_PROJECT_VERSION = 1;
				DEVELOPMENT_TEAM = 84LGQM6LPS;
				GENERATE_INFOPLIST_FILE = YES;
				INFOPLIST_FILE = ToDo/Info.plist;
				INFOPLIST_KEY_UIApplicationSupportsIndirectInputEvents = YES;
				INFOPLIST_KEY_UILaunchStoryboardName = LaunchScreen;
				INFOPLIST_KEY_UIMainStoryboardFile = Main;
				INFOPLIST_KEY_UISupportedInterfaceOrientations_iPad = "UIInterfaceOrientationPortrait UIInterfaceOrientationPortraitUpsideDown UIInterfaceOrientationLandscapeLeft UIInterfaceOrientationLandscapeRight";
				INFOPLIST_KEY_UISupportedInterfaceOrientations_iPhone = "UIInterfaceOrientationPortrait UIInterfaceOrientationLandscapeLeft UIInterfaceOrientationLandscapeRight";
				LD_RUNPATH_SEARCH_PATHS = (
					"$(inherited)",
					"@executable_path/Frameworks",
				);
				MARKETING_VERSION = 1.0;
				PRODUCT_BUNDLE_IDENTIFIER = com.sevvalkalkavan.ToDo;
				PRODUCT_NAME = "$(TARGET_NAME)";
				SWIFT_EMIT_LOC_STRINGS = YES;
				SWIFT_OBJC_BRIDGING_HEADER = "ToDo/ToDo-Bridging-Header.h";
				SWIFT_OPTIMIZATION_LEVEL = "-Onone";
				SWIFT_VERSION = 5.0;
				TARGETED_DEVICE_FAMILY = "1,2";
			};
			name = Debug;
		};
		02BFBFB42B471C23009E5E5B /* Release */ = {
			isa = XCBuildConfiguration;
			buildSettings = {
				ASSETCATALOG_COMPILER_APPICON_NAME = AppIcon;
				ASSETCATALOG_COMPILER_GLOBAL_ACCENT_COLOR_NAME = AccentColor;
				CLANG_ENABLE_MODULES = YES;
				CODE_SIGN_STYLE = Automatic;
				CURRENT_PROJECT_VERSION = 1;
				DEVELOPMENT_TEAM = 84LGQM6LPS;
				GENERATE_INFOPLIST_FILE = YES;
				INFOPLIST_FILE = ToDo/Info.plist;
				INFOPLIST_KEY_UIApplicationSupportsIndirectInputEvents = YES;
				INFOPLIST_KEY_UILaunchStoryboardName = LaunchScreen;
				INFOPLIST_KEY_UIMainStoryboardFile = Main;
				INFOPLIST_KEY_UISupportedInterfaceOrientations_iPad = "UIInterfaceOrientationPortrait UIInterfaceOrientationPortraitUpsideDown UIInterfaceOrientationLandscapeLeft UIInterfaceOrientationLandscapeRight";
				INFOPLIST_KEY_UISupportedInterfaceOrientations_iPhone = "UIInterfaceOrientationPortrait UIInterfaceOrientationLandscapeLeft UIInterfaceOrientationLandscapeRight";
				LD_RUNPATH_SEARCH_PATHS = (
					"$(inherited)",
					"@executable_path/Frameworks",
				);
				MARKETING_VERSION = 1.0;
				PRODUCT_BUNDLE_IDENTIFIER = com.sevvalkalkavan.ToDo;
				PRODUCT_NAME = "$(TARGET_NAME)";
				SWIFT_EMIT_LOC_STRINGS = YES;
				SWIFT_OBJC_BRIDGING_HEADER = "ToDo/ToDo-Bridging-Header.h";
				SWIFT_VERSION = 5.0;
				TARGETED_DEVICE_FAMILY = "1,2";
			};
			name = Release;
		};
/* End XCBuildConfiguration section */

/* Begin XCConfigurationList section */
		02BFBF992B471C22009E5E5B /* Build configuration list for PBXProject "ToDo" */ = {
			isa = XCConfigurationList;
			buildConfigurations = (
				02BFBFB02B471C23009E5E5B /* Debug */,
				02BFBFB12B471C23009E5E5B /* Release */,
			);
			defaultConfigurationIsVisible = 0;
			defaultConfigurationName = Release;
		};
		02BFBFB22B471C23009E5E5B /* Build configuration list for PBXNativeTarget "ToDo" */ = {
			isa = XCConfigurationList;
			buildConfigurations = (
				02BFBFB32B471C23009E5E5B /* Debug */,
				02BFBFB42B471C23009E5E5B /* Release */,
			);
			defaultConfigurationIsVisible = 0;
			defaultConfigurationName = Release;
		};
/* End XCConfigurationList section */

/* Begin XCRemoteSwiftPackageReference section */
		02BFBFD32B473515009E5E5B /* XCRemoteSwiftPackageReference "RxSwift" */ = {
			isa = XCRemoteSwiftPackageReference;
			repositoryURL = "https://github.com/ReactiveX/RxSwift";
			requirement = {
				kind = upToNextMajorVersion;
				minimumVersion = 6.6.0;
			};
		};
/* End XCRemoteSwiftPackageReference section */

/* Begin XCSwiftPackageProductDependency section */
		02BFBFD42B473515009E5E5B /* RxBlocking */ = {
			isa = XCSwiftPackageProductDependency;
			package = 02BFBFD32B473515009E5E5B /* XCRemoteSwiftPackageReference "RxSwift" */;
			productName = RxBlocking;
		};
		02BFBFD62B473515009E5E5B /* RxBlocking-Dynamic */ = {
			isa = XCSwiftPackageProductDependency;
			package = 02BFBFD32B473515009E5E5B /* XCRemoteSwiftPackageReference "RxSwift" */;
			productName = "RxBlocking-Dynamic";
		};
		02BFBFD82B473515009E5E5B /* RxCocoa */ = {
			isa = XCSwiftPackageProductDependency;
			package = 02BFBFD32B473515009E5E5B /* XCRemoteSwiftPackageReference "RxSwift" */;
			productName = RxCocoa;
		};
		02BFBFDA2B473515009E5E5B /* RxCocoa-Dynamic */ = {
			isa = XCSwiftPackageProductDependency;
			package = 02BFBFD32B473515009E5E5B /* XCRemoteSwiftPackageReference "RxSwift" */;
			productName = "RxCocoa-Dynamic";
		};
		02BFBFDC2B473515009E5E5B /* RxRelay */ = {
			isa = XCSwiftPackageProductDependency;
			package = 02BFBFD32B473515009E5E5B /* XCRemoteSwiftPackageReference "RxSwift" */;
			productName = RxRelay;
		};
/* End XCSwiftPackageProductDependency section */
	};
	rootObject = 02BFBF962B471C22009E5E5B /* Project object */;
}
